
Microsoft Visual Studio Solution File, Format Version 12.00
# Visual Studio 15
VisualStudioVersion = 15.0.26403.7
MinimumVisualStudioVersion = 10.0.40219.1
Project("{FAE04EC0-301F-11D3-BF4B-00C04F79EFBC}") = "KieServerAdapter", "KieServerAdapter\KieServerAdapter.csproj", "{DE54E08B-D2C4-4100-8A73-826BBB763016}"
EndProject
Project("{FAE04EC0-301F-11D3-BF4B-00C04F79EFBC}") = "KieServerAdapter.Test", "KieServerAdapter.Test\KieServerAdapter.Test.csproj", "{0E3C9591-CF3E-4D0A-AE0A-BD52D2A65CE2}"
EndProject
Global
	GlobalSection(SolutionConfigurationPlatforms) = preSolution
		Debug|Any CPU = Debug|Any CPU
		Release|Any CPU = Release|Any CPU
	EndGlobalSection
	GlobalSection(ProjectConfigurationPlatforms) = postSolution
		{DE54E08B-D2C4-4100-8A73-826BBB763016}.Debug|Any CPU.ActiveCfg = Debug|Any CPU
		{DE54E08B-D2C4-4100-8A73-826BBB763016}.Debug|Any CPU.Build.0 = Debug|Any CPU
		{DE54E08B-D2C4-4100-8A73-826BBB763016}.Release|Any CPU.ActiveCfg = Release|Any CPU
		{DE54E08B-D2C4-4100-8A73-826BBB763016}.Release|Any CPU.Build.0 = Release|Any CPU
		{0E3C9591-CF3E-4D0A-AE0A-BD52D2A65CE2}.Debug|Any CPU.ActiveCfg = Debug|Any CPU
		{0E3C9591-CF3E-4D0A-AE0A-BD52D2A65CE2}.Debug|Any CPU.Build.0 = Debug|Any CPU
		{0E3C9591-CF3E-4D0A-AE0A-BD52D2A65CE2}.Release|Any CPU.ActiveCfg = Release|Any CPU
		{0E3C9591-CF3E-4D0A-AE0A-BD52D2A65CE2}.Release|Any CPU.Build.0 = Release|Any CPU
	EndGlobalSection
	GlobalSection(SolutionProperties) = preSolution
		HideSolutionNode = FALSE
	EndGlobalSection
EndGlobal
